
Microsoft Visual Studio Solution File, Format Version 9.00
# Visual Studio 2005
Project("{FAE04EC0-301F-11D3-BF4B-00C04F79EFBC}") = "WindowsInterpreterClient", "WindowsInterpreterClient\WindowsInterpreterClient.csproj", "{213AA6BA-B8F9-4EB1-8515-DF2512815D9D}"
EndProject
Global
	GlobalSection(SolutionConfigurationPlatforms) = preSolution
		Debug|Any CPU = Debug|Any CPU
		Release|Any CPU = Release|Any CPU
	EndGlobalSection
	GlobalSection(ProjectConfigurationPlatforms) = postSolution
		{213AA6BA-B8F9-4EB1-8515-DF2512815D9D}.Debug|Any CPU.ActiveCfg = Debug|Any CPU
		{213AA6BA-B8F9-4EB1-8515-DF2512815D9D}.Debug|Any CPU.Build.0 = Debug|Any CPU
		{213AA6BA-B8F9-4EB1-8515-DF2512815D9D}.Release|Any CPU.ActiveCfg = Release|Any CPU
		{213AA6BA-B8F9-4EB1-8515-DF2512815D9D}.Release|Any CPU.Build.0 = Release|Any CPU
	EndGlobalSection
	GlobalSection(SolutionProperties) = preSolution
		HideSolutionNode = FALSE
	EndGlobalSection
EndGlobal
