
Microsoft Visual Studio Solution File, Format Version 9.00
# Visual Studio 2005
Project("{FAE04EC0-301F-11D3-BF4B-00C04F79EFBC}") = "WindowsProxyPattern", "WindowsProxyPattern\WindowsProxyPattern.csproj", "{AFFA7ACE-FD93-4682-B673-E7B399993F12}"
EndProject
Global
	GlobalSection(SolutionConfigurationPlatforms) = preSolution
		Debug|Any CPU = Debug|Any CPU
		Release|Any CPU = Release|Any CPU
	EndGlobalSection
	GlobalSection(ProjectConfigurationPlatforms) = postSolution
		{AFFA7ACE-FD93-4682-B673-E7B399993F12}.Debug|Any CPU.ActiveCfg = Debug|Any CPU
		{AFFA7ACE-FD93-4682-B673-E7B399993F12}.Debug|Any CPU.Build.0 = Debug|Any CPU
		{AFFA7ACE-FD93-4682-B673-E7B399993F12}.Release|Any CPU.ActiveCfg = Release|Any CPU
		{AFFA7ACE-FD93-4682-B673-E7B399993F12}.Release|Any CPU.Build.0 = Release|Any CPU
	EndGlobalSection
	GlobalSection(SolutionProperties) = preSolution
		HideSolutionNode = FALSE
	EndGlobalSection
EndGlobal
